
Microsoft Visual Studio Solution File, Format Version 12.00
# Visual Studio 14
VisualStudioVersion = 14.0.24720.0
MinimumVisualStudioVersion = 10.0.40219.1
Project("{8BC9CEB8-8B4A-11D0-8D11-00A0C91BC942}") = "tests", "tests\tests.vcxproj", "{F01307D2-D976-4C02-AE2D-FB47B38F0759}"
EndProject
Project("{8BC9CEB8-8B4A-11D0-8D11-00A0C91BC942}") = "parser", "parser\parser.vcxproj", "{3616DBE0-DC18-4B61-BD07-E4BBB390CE38}"
EndProject
Project("{8BC9CEB8-8B4A-11D0-8D11-00A0C91BC942}") = "serializer", "serializer\serializer.vcxproj", "{A2D66695-B9F4-4B25-9816-B4BB3E7DCBF3}"
EndProject
Project("{8BC9CEB8-8B4A-11D0-8D11-00A0C91BC942}") = "utils", "utils\utils.vcxproj", "{3B517F6E-CCDE-45CD-ACA0-ABE05330F677}"
EndProject
Project("{8BC9CEB8-8B4A-11D0-8D11-00A0C91BC942}") = "structures", "structures\structures.vcxproj", "{94954003-9D13-4891-985B-D28E7ACC6825}"
EndProject
Project("{8BC9CEB8-8B4A-11D0-8D11-00A0C91BC942}") = "serializerHtml", "serializerHtml\serializerHtml.vcxproj", "{9423DAEA-59D7-427E-968B-77923743D9AA}"
EndProject
Project("{8BC9CEB8-8B4A-11D0-8D11-00A0C91BC942}") = "serializerXml", "serializerXml\serializerXml.vcxproj", "{8F1842CA-FE09-4959-B46A-8A52997CEFA0}"
EndProject
Project("{8BC9CEB8-8B4A-11D0-8D11-00A0C91BC942}") = "serializerJson", "serializerJson\serializerJson.vcxproj", "{2733887C-2DEC-4D11-81B5-9D36D37EFE7B}"
EndProject
Project("{8BC9CEB8-8B4A-11D0-8D11-00A0C91BC942}") = "parserWebssHtml", "parserWebssHtml\parserWebssHtml.vcxproj", "{CA1B9250-70B6-47AA-89F4-4A2A175BC25E}"
EndProject
Project("{8BC9CEB8-8B4A-11D0-8D11-00A0C91BC942}") = "wbsn-to-html", "applications\wbsn-to-html\wbsn-to-html.vcxproj", "{A3DA9247-BCE5-48D2-8FE3-A60AD6FF8BC7}"
EndProject
Global
	GlobalSection(SolutionConfigurationPlatforms) = preSolution
		Debug|x64 = Debug|x64
		Debug|x86 = Debug|x86
		Release|x64 = Release|x64
		Release|x86 = Release|x86
	EndGlobalSection
	GlobalSection(ProjectConfigurationPlatforms) = postSolution
		{F01307D2-D976-4C02-AE2D-FB47B38F0759}.Debug|x64.ActiveCfg = Debug|x64
		{F01307D2-D976-4C02-AE2D-FB47B38F0759}.Debug|x64.Build.0 = Debug|x64
		{F01307D2-D976-4C02-AE2D-FB47B38F0759}.Debug|x86.ActiveCfg = Debug|Win32
		{F01307D2-D976-4C02-AE2D-FB47B38F0759}.Debug|x86.Build.0 = Debug|Win32
		{F01307D2-D976-4C02-AE2D-FB47B38F0759}.Release|x64.ActiveCfg = Release|x64
		{F01307D2-D976-4C02-AE2D-FB47B38F0759}.Release|x64.Build.0 = Release|x64
		{F01307D2-D976-4C02-AE2D-FB47B38F0759}.Release|x86.ActiveCfg = Release|Win32
		{F01307D2-D976-4C02-AE2D-FB47B38F0759}.Release|x86.Build.0 = Release|Win32
		{3616DBE0-DC18-4B61-BD07-E4BBB390CE38}.Debug|x64.ActiveCfg = Debug|x64
		{3616DBE0-DC18-4B61-BD07-E4BBB390CE38}.Debug|x64.Build.0 = Debug|x64
		{3616DBE0-DC18-4B61-BD07-E4BBB390CE38}.Debug|x86.ActiveCfg = Debug|Win32
		{3616DBE0-DC18-4B61-BD07-E4BBB390CE38}.Debug|x86.Build.0 = Debug|Win32
		{3616DBE0-DC18-4B61-BD07-E4BBB390CE38}.Release|x64.ActiveCfg = Release|x64
		{3616DBE0-DC18-4B61-BD07-E4BBB390CE38}.Release|x64.Build.0 = Release|x64
		{3616DBE0-DC18-4B61-BD07-E4BBB390CE38}.Release|x86.ActiveCfg = Release|Win32
		{3616DBE0-DC18-4B61-BD07-E4BBB390CE38}.Release|x86.Build.0 = Release|Win32
		{A2D66695-B9F4-4B25-9816-B4BB3E7DCBF3}.Debug|x64.ActiveCfg = Debug|x64
		{A2D66695-B9F4-4B25-9816-B4BB3E7DCBF3}.Debug|x64.Build.0 = Debug|x64
		{A2D66695-B9F4-4B25-9816-B4BB3E7DCBF3}.Debug|x86.ActiveCfg = Debug|Win32
		{A2D66695-B9F4-4B25-9816-B4BB3E7DCBF3}.Debug|x86.Build.0 = Debug|Win32
		{A2D66695-B9F4-4B25-9816-B4BB3E7DCBF3}.Release|x64.ActiveCfg = Release|x64
		{A2D66695-B9F4-4B25-9816-B4BB3E7DCBF3}.Release|x64.Build.0 = Release|x64
		{A2D66695-B9F4-4B25-9816-B4BB3E7DCBF3}.Release|x86.ActiveCfg = Release|Win32
		{A2D66695-B9F4-4B25-9816-B4BB3E7DCBF3}.Release|x86.Build.0 = Release|Win32
		{3B517F6E-CCDE-45CD-ACA0-ABE05330F677}.Debug|x64.ActiveCfg = Debug|x64
		{3B517F6E-CCDE-45CD-ACA0-ABE05330F677}.Debug|x64.Build.0 = Debug|x64
		{3B517F6E-CCDE-45CD-ACA0-ABE05330F677}.Debug|x86.ActiveCfg = Debug|Win32
		{3B517F6E-CCDE-45CD-ACA0-ABE05330F677}.Debug|x86.Build.0 = Debug|Win32
		{3B517F6E-CCDE-45CD-ACA0-ABE05330F677}.Release|x64.ActiveCfg = Release|x64
		{3B517F6E-CCDE-45CD-ACA0-ABE05330F677}.Release|x64.Build.0 = Release|x64
		{3B517F6E-CCDE-45CD-ACA0-ABE05330F677}.Release|x86.ActiveCfg = Release|Win32
		{3B517F6E-CCDE-45CD-ACA0-ABE05330F677}.Release|x86.Build.0 = Release|Win32
		{94954003-9D13-4891-985B-D28E7ACC6825}.Debug|x64.ActiveCfg = Debug|x64
		{94954003-9D13-4891-985B-D28E7ACC6825}.Debug|x64.Build.0 = Debug|x64
		{94954003-9D13-4891-985B-D28E7ACC6825}.Debug|x86.ActiveCfg = Debug|Win32
		{94954003-9D13-4891-985B-D28E7ACC6825}.Debug|x86.Build.0 = Debug|Win32
		{94954003-9D13-4891-985B-D28E7ACC6825}.Release|x64.ActiveCfg = Release|x64
		{94954003-9D13-4891-985B-D28E7ACC6825}.Release|x64.Build.0 = Release|x64
		{94954003-9D13-4891-985B-D28E7ACC6825}.Release|x86.ActiveCfg = Release|Win32
		{94954003-9D13-4891-985B-D28E7ACC6825}.Release|x86.Build.0 = Release|Win32
		{9423DAEA-59D7-427E-968B-77923743D9AA}.Debug|x64.ActiveCfg = Debug|x64
		{9423DAEA-59D7-427E-968B-77923743D9AA}.Debug|x64.Build.0 = Debug|x64
		{9423DAEA-59D7-427E-968B-77923743D9AA}.Debug|x86.ActiveCfg = Debug|Win32
		{9423DAEA-59D7-427E-968B-77923743D9AA}.Debug|x86.Build.0 = Debug|Win32
		{9423DAEA-59D7-427E-968B-77923743D9AA}.Release|x64.ActiveCfg = Release|x64
		{9423DAEA-59D7-427E-968B-77923743D9AA}.Release|x64.Build.0 = Release|x64
		{9423DAEA-59D7-427E-968B-77923743D9AA}.Release|x86.ActiveCfg = Release|Win32
		{9423DAEA-59D7-427E-968B-77923743D9AA}.Release|x86.Build.0 = Release|Win32
		{8F1842CA-FE09-4959-B46A-8A52997CEFA0}.Debug|x64.ActiveCfg = Debug|x64
		{8F1842CA-FE09-4959-B46A-8A52997CEFA0}.Debug|x64.Build.0 = Debug|x64
		{8F1842CA-FE09-4959-B46A-8A52997CEFA0}.Debug|x86.ActiveCfg = Debug|Win32
		{8F1842CA-FE09-4959-B46A-8A52997CEFA0}.Debug|x86.Build.0 = Debug|Win32
		{8F1842CA-FE09-4959-B46A-8A52997CEFA0}.Release|x64.ActiveCfg = Release|x64
		{8F1842CA-FE09-4959-B46A-8A52997CEFA0}.Release|x64.Build.0 = Release|x64
		{8F1842CA-FE09-4959-B46A-8A52997CEFA0}.Release|x86.ActiveCfg = Release|Win32
		{8F1842CA-FE09-4959-B46A-8A52997CEFA0}.Release|x86.Build.0 = Release|Win32
		{2733887C-2DEC-4D11-81B5-9D36D37EFE7B}.Debug|x64.ActiveCfg = Debug|x64
		{2733887C-2DEC-4D11-81B5-9D36D37EFE7B}.Debug|x64.Build.0 = Debug|x64
		{2733887C-2DEC-4D11-81B5-9D36D37EFE7B}.Debug|x86.ActiveCfg = Debug|Win32
		{2733887C-2DEC-4D11-81B5-9D36D37EFE7B}.Debug|x86.Build.0 = Debug|Win32
		{2733887C-2DEC-4D11-81B5-9D36D37EFE7B}.Release|x64.ActiveCfg = Release|x64
		{2733887C-2DEC-4D11-81B5-9D36D37EFE7B}.Release|x64.Build.0 = Release|x64
		{2733887C-2DEC-4D11-81B5-9D36D37EFE7B}.Release|x86.ActiveCfg = Release|Win32
		{2733887C-2DEC-4D11-81B5-9D36D37EFE7B}.Release|x86.Build.0 = Release|Win32
		{CA1B9250-70B6-47AA-89F4-4A2A175BC25E}.Debug|x64.ActiveCfg = Debug|x64
		{CA1B9250-70B6-47AA-89F4-4A2A175BC25E}.Debug|x64.Build.0 = Debug|x64
		{CA1B9250-70B6-47AA-89F4-4A2A175BC25E}.Debug|x86.ActiveCfg = Debug|Win32
		{CA1B9250-70B6-47AA-89F4-4A2A175BC25E}.Debug|x86.Build.0 = Debug|Win32
		{CA1B9250-70B6-47AA-89F4-4A2A175BC25E}.Release|x64.ActiveCfg = Release|x64
		{CA1B9250-70B6-47AA-89F4-4A2A175BC25E}.Release|x64.Build.0 = Release|x64
		{CA1B9250-70B6-47AA-89F4-4A2A175BC25E}.Release|x86.ActiveCfg = Release|Win32
		{CA1B9250-70B6-47AA-89F4-4A2A175BC25E}.Release|x86.Build.0 = Release|Win32
		{A3DA9247-BCE5-48D2-8FE3-A60AD6FF8BC7}.Debug|x64.ActiveCfg = Debug|x64
		{A3DA9247-BCE5-48D2-8FE3-A60AD6FF8BC7}.Debug|x64.Build.0 = Debug|x64
		{A3DA9247-BCE5-48D2-8FE3-A60AD6FF8BC7}.Debug|x86.ActiveCfg = Debug|Win32
		{A3DA9247-BCE5-48D2-8FE3-A60AD6FF8BC7}.Debug|x86.Build.0 = Debug|Win32
		{A3DA9247-BCE5-48D2-8FE3-A60AD6FF8BC7}.Release|x64.ActiveCfg = Release|x64
		{A3DA9247-BCE5-48D2-8FE3-A60AD6FF8BC7}.Release|x64.Build.0 = Release|x64
		{A3DA9247-BCE5-48D2-8FE3-A60AD6FF8BC7}.Release|x86.ActiveCfg = Release|Win32
		{A3DA9247-BCE5-48D2-8FE3-A60AD6FF8BC7}.Release|x86.Build.0 = Release|Win32
	EndGlobalSection
	GlobalSection(SolutionProperties) = preSolution
		HideSolutionNode = FALSE
	EndGlobalSection
EndGlobal
