<?xml version="1.0" encoding="utf-8"?>
<Project ToolsVersion="4.0" xmlns="http://schemas.microsoft.com/developer/msbuild/2003">
  <ItemGroup>
    <Filter Include="Source Files">
      <UniqueIdentifier>{4FC737F1-C7A5-4376-A066-2A32D752A2FF}</UniqueIdentifier>
      <Extensions>cpp;c;cc;cxx;def;odl;idl;hpj;bat;asm;asmx</Extensions>
    </Filter>
    <Filter Include="Header Files">
      <UniqueIdentifier>{93995380-89BD-4b04-88EB-625FBE52EBFB}</UniqueIdentifier>
      <Extensions>h;hh;hpp;hxx;hm;inl;inc;xsd</Extensions>
    </Filter>
    <Filter Include="Resource Files">
      <UniqueIdentifier>{67DA6AB6-F800-4c08-8B7A-83BB121AAD01}</UniqueIdentifier>
      <Extensions>rc;ico;cur;bmp;dlg;rc2;rct;bin;rgs;gif;jpg;jpeg;jpe;resx;tiff;tif;png;wav;mfcribbon-ms</Extensions>
    </Filter>
  </ItemGroup>
  <ItemGroup>
    <ClInclude Include="base.hpp">
      <Filter>Header Files</Filter>
    </ClInclude>
    <ClInclude Include="dictionary.hpp">
      <Filter>Header Files</Filter>
    </ClInclude>
    <ClInclude Include="document.hpp">
      <Filter>Header Files</Filter>
    </ClInclude>
    <ClInclude Include="documentHead.hpp">
      <Filter>Header Files</Filter>
    </ClInclude>
    <ClInclude Include="entity.hpp">
      <Filter>Header Files</Filter>
    </ClInclude>
    <ClInclude Include="enum.hpp">
      <Filter>Header Files</Filter>
    </ClInclude>
    <ClInclude Include="keywords.hpp">
      <Filter>Header Files</Filter>
    </ClInclude>
    <ClInclude Include="list.hpp">
      <Filter>Header Files</Filter>
    </ClInclude>
    <ClInclude Include="namespace.hpp">
      <Filter>Header Files</Filter>
    </ClInclude>
    <ClInclude Include="paramBinary.hpp">
      <Filter>Header Files</Filter>
    </ClInclude>
    <ClInclude Include="parameters.hpp">
      <Filter>Header Files</Filter>
    </ClInclude>
    <ClInclude Include="paramStandard.hpp">
      <Filter>Header Files</Filter>
    </ClInclude>
    <ClInclude Include="sharedMap.hpp">
      <Filter>Header Files</Filter>
    </ClInclude>
    <ClInclude Include="template.hpp">
      <Filter>Header Files</Filter>
    </ClInclude>
    <ClInclude Include="templateHead.hpp">
      <Filter>Header Files</Filter>
    </ClInclude>
    <ClInclude Include="tuple.hpp">
      <Filter>Header Files</Filter>
    </ClInclude>
    <ClInclude Include="types.hpp">
      <Filter>Header Files</Filter>
    </ClInclude>
    <ClInclude Include="typeWebss.hpp">
      <Filter>Header Files</Filter>
    </ClInclude>
    <ClInclude Include="utils.hpp">
      <Filter>Header Files</Filter>
    </ClInclude>
    <ClInclude Include="webss.hpp">
      <Filter>Header Files</Filter>
    </ClInclude>
    <ClInclude Include="thead.hpp">
      <Filter>Header Files</Filter>
    </ClInclude>
  </ItemGroup>
  <ItemGroup>
    <ClCompile Include="keywords.cpp">
      <Filter>Source Files</Filter>
    </ClCompile>
    <ClCompile Include="webss.cpp">
      <Filter>Source Files</Filter>
    </ClCompile>
    <ClCompile Include="dictionary.cpp">
      <Filter>Source Files</Filter>
    </ClCompile>
    <ClCompile Include="entity.cpp">
      <Filter>Source Files</Filter>
    </ClCompile>
    <ClCompile Include="enum.cpp">
      <Filter>Source Files</Filter>
    </ClCompile>
    <ClCompile Include="list.cpp">
      <Filter>Source Files</Filter>
    </ClCompile>
    <ClCompile Include="namespace.cpp">
      <Filter>Source Files</Filter>
    </ClCompile>
    <ClCompile Include="tuple.cpp">
      <Filter>Source Files</Filter>
    </ClCompile>
    <ClCompile Include="documentHead.cpp">
      <Filter>Source Files</Filter>
    </ClCompile>
    <ClCompile Include="paramBinary.cpp">
      <Filter>Source Files</Filter>
    </ClCompile>
    <ClCompile Include="paramStandard.cpp">
      <Filter>Source Files</Filter>
    </ClCompile>
    <ClCompile Include="typeWebss.cpp">
      <Filter>Source Files</Filter>
    </ClCompile>
    <ClCompile Include="thead.cpp">
      <Filter>Source Files</Filter>
    </ClCompile>
    <ClCompile Include="document.cpp">
      <Filter>Source Files</Filter>
    </ClCompile>
  </ItemGroup>
</Project>